
Microsoft Visual Studio Solution File, Format Version 12.00
# Visual Studio Version 18
VisualStudioVersion = 18.6.11822.322 stable
MinimumVisualStudioVersion = 10.0.40219.1
Project("{9A19103F-16F7-4668-BE54-9A1E7A4F7556}") = "ModTranslator", "ModTranslator\ModTranslator.csproj", "{12BA84EC-7A3F-40DC-B637-A932DDD589B5}"
EndProject
Project("{FAE04EC0-301F-11D3-BF4B-00C04F79EFBC}") = "ModTranslator.BLL", "ModTranslator.BLL\ModTranslator.BLL.csproj", "{9DE25868-AD2E-4BD2-B8AE-705282DD7173}"
EndProject
Project("{FAE04EC0-301F-11D3-BF4B-00C04F79EFBC}") = "ModTranslator.BO", "ModTranslator.BO\ModTranslator.BO.csproj", "{F86266B6-34F3-4AFB-B72A-765E72D5E1F6}"
EndProject
Global
	GlobalSection(SolutionConfigurationPlatforms) = preSolution
		Debug|Any CPU = Debug|Any CPU
		Release|Any CPU = Release|Any CPU
	EndGlobalSection
	GlobalSection(ProjectConfigurationPlatforms) = postSolution
		{12BA84EC-7A3F-40DC-B637-A932DDD589B5}.Debug|Any CPU.ActiveCfg = Debug|Any CPU
		{12BA84EC-7A3F-40DC-B637-A932DDD589B5}.Debug|Any CPU.Build.0 = Debug|Any CPU
		{12BA84EC-7A3F-40DC-B637-A932DDD589B5}.Release|Any CPU.ActiveCfg = Release|Any CPU
		{12BA84EC-7A3F-40DC-B637-A932DDD589B5}.Release|Any CPU.Build.0 = Release|Any CPU
		{9DE25868-AD2E-4BD2-B8AE-705282DD7173}.Debug|Any CPU.ActiveCfg = Debug|Any CPU
		{9DE25868-AD2E-4BD2-B8AE-705282DD7173}.Debug|Any CPU.Build.0 = Debug|Any CPU
		{9DE25868-AD2E-4BD2-B8AE-705282DD7173}.Release|Any CPU.ActiveCfg = Release|Any CPU
		{9DE25868-AD2E-4BD2-B8AE-705282DD7173}.Release|Any CPU.Build.0 = Release|Any CPU
		{F86266B6-34F3-4AFB-B72A-765E72D5E1F6}.Debug|Any CPU.ActiveCfg = Debug|Any CPU
		{F86266B6-34F3-4AFB-B72A-765E72D5E1F6}.Debug|Any CPU.Build.0 = Debug|Any CPU
		{F86266B6-34F3-4AFB-B72A-765E72D5E1F6}.Release|Any CPU.ActiveCfg = Release|Any CPU
		{F86266B6-34F3-4AFB-B72A-765E72D5E1F6}.Release|Any CPU.Build.0 = Release|Any CPU
	EndGlobalSection
	GlobalSection(SolutionProperties) = preSolution
		HideSolutionNode = FALSE
	EndGlobalSection
	GlobalSection(ExtensibilityGlobals) = postSolution
		SolutionGuid = {5315A334-D30C-4CE8-9F2E-C16A2C511AF8}
	EndGlobalSection
EndGlobal
